
Microsoft Visual Studio Solution File, Format Version 12.00
# Visual Studio Version 17
VisualStudioVersion = 17.3.32901.215
MinimumVisualStudioVersion = 10.0.40219.1
Project("{FAE04EC0-301F-11D3-BF4B-00C04F79EFBC}") = "CapaPresentacion", "CapaPresentacion\CapaPresentacion.csproj", "{E93C4881-907E-4FBB-8461-BB35D52C478E}"
EndProject
Project("{FAE04EC0-301F-11D3-BF4B-00C04F79EFBC}") = "CapaEntidad", "CapaEntidad\CapaEntidad.csproj", "{08E1D7EB-B431-455D-8174-0CF0A3A1DC13}"
EndProject
Project("{FAE04EC0-301F-11D3-BF4B-00C04F79EFBC}") = "CapaDatos", "CapaDatos\CapaDatos.csproj", "{0BCCED30-2031-4722-B163-84DBC05291B6}"
EndProject
Project("{FAE04EC0-301F-11D3-BF4B-00C04F79EFBC}") = "CapaNegocio", "..\SistemaVenta\CapaNegocio\CapaNegocio.csproj", "{89868B00-56F3-4D3B-B293-0AE119D2AC08}"
EndProject
Global
	GlobalSection(SolutionConfigurationPlatforms) = preSolution
		Debug|Any CPU = Debug|Any CPU
		Release|Any CPU = Release|Any CPU
	EndGlobalSection
	GlobalSection(ProjectConfigurationPlatforms) = postSolution
		{E93C4881-907E-4FBB-8461-BB35D52C478E}.Debug|Any CPU.ActiveCfg = Debug|Any CPU
		{E93C4881-907E-4FBB-8461-BB35D52C478E}.Debug|Any CPU.Build.0 = Debug|Any CPU
		{E93C4881-907E-4FBB-8461-BB35D52C478E}.Release|Any CPU.ActiveCfg = Release|Any CPU
		{E93C4881-907E-4FBB-8461-BB35D52C478E}.Release|Any CPU.Build.0 = Release|Any CPU
		{08E1D7EB-B431-455D-8174-0CF0A3A1DC13}.Debug|Any CPU.ActiveCfg = Debug|Any CPU
		{08E1D7EB-B431-455D-8174-0CF0A3A1DC13}.Debug|Any CPU.Build.0 = Debug|Any CPU
		{08E1D7EB-B431-455D-8174-0CF0A3A1DC13}.Release|Any CPU.ActiveCfg = Release|Any CPU
		{08E1D7EB-B431-455D-8174-0CF0A3A1DC13}.Release|Any CPU.Build.0 = Release|Any CPU
		{0BCCED30-2031-4722-B163-84DBC05291B6}.Debug|Any CPU.ActiveCfg = Debug|Any CPU
		{0BCCED30-2031-4722-B163-84DBC05291B6}.Debug|Any CPU.Build.0 = Debug|Any CPU
		{0BCCED30-2031-4722-B163-84DBC05291B6}.Release|Any CPU.ActiveCfg = Release|Any CPU
		{0BCCED30-2031-4722-B163-84DBC05291B6}.Release|Any CPU.Build.0 = Release|Any CPU
		{89868B00-56F3-4D3B-B293-0AE119D2AC08}.Debug|Any CPU.ActiveCfg = Debug|Any CPU
		{89868B00-56F3-4D3B-B293-0AE119D2AC08}.Debug|Any CPU.Build.0 = Debug|Any CPU
		{89868B00-56F3-4D3B-B293-0AE119D2AC08}.Release|Any CPU.ActiveCfg = Release|Any CPU
		{89868B00-56F3-4D3B-B293-0AE119D2AC08}.Release|Any CPU.Build.0 = Release|Any CPU
	EndGlobalSection
	GlobalSection(SolutionProperties) = preSolution
		HideSolutionNode = FALSE
	EndGlobalSection
	GlobalSection(ExtensibilityGlobals) = postSolution
		SolutionGuid = {0BF3032D-B4D4-4E68-9BB7-E553D67936AF}
	EndGlobalSection
EndGlobal
